
Microsoft Visual Studio Solution File, Format Version 12.00
# Visual Studio Version 17
VisualStudioVersion = 17.8.34316.72
MinimumVisualStudioVersion = 10.0.40219.1
Project("{FAE04EC0-301F-11D3-BF4B-00C04F79EFBC}") = "CoffeeLands", "CoffeeLands\CoffeeLands.csproj", "{BA1EAEA3-6B68-4969-9BE0-4A8CD34ECDE0}"
EndProject
Global
	GlobalSection(SolutionConfigurationPlatforms) = preSolution
		Debug|Any CPU = Debug|Any CPU
		Release|Any CPU = Release|Any CPU
	EndGlobalSection
	GlobalSection(ProjectConfigurationPlatforms) = postSolution
		{BA1EAEA3-6B68-4969-9BE0-4A8CD34ECDE0}.Debug|Any CPU.ActiveCfg = Debug|Any CPU
		{BA1EAEA3-6B68-4969-9BE0-4A8CD34ECDE0}.Debug|Any CPU.Build.0 = Debug|Any CPU
		{BA1EAEA3-6B68-4969-9BE0-4A8CD34ECDE0}.Release|Any CPU.ActiveCfg = Release|Any CPU
		{BA1EAEA3-6B68-4969-9BE0-4A8CD34ECDE0}.Release|Any CPU.Build.0 = Release|Any CPU
	EndGlobalSection
	GlobalSection(SolutionProperties) = preSolution
		HideSolutionNode = FALSE
	EndGlobalSection
	GlobalSection(ExtensibilityGlobals) = postSolution
		SolutionGuid = {6B2C944A-6E38-4E2D-B345-48FA2BCAE652}
	EndGlobalSection
EndGlobal
